
Microsoft Visual Studio Solution File, Format Version 12.00
# Visual Studio Version 16
VisualStudioVersion = 16.0.31624.102
MinimumVisualStudioVersion = 10.0.40219.1
Project("{9A19103F-16F7-4668-BE54-9A1E7A4F7556}") = "CheckFileMD5", "CheckFileMD5.csproj", "{2AF3EDE4-A218-4332-A07A-BDE1ABE100B2}"
EndProject
Global
	GlobalSection(SolutionConfigurationPlatforms) = preSolution
		Debug|Any CPU = Debug|Any CPU
		Release|Any CPU = Release|Any CPU
	EndGlobalSection
	GlobalSection(ProjectConfigurationPlatforms) = postSolution
		{2AF3EDE4-A218-4332-A07A-BDE1ABE100B2}.Debug|Any CPU.ActiveCfg = Debug|Any CPU
		{2AF3EDE4-A218-4332-A07A-BDE1ABE100B2}.Debug|Any CPU.Build.0 = Debug|Any CPU
		{2AF3EDE4-A218-4332-A07A-BDE1ABE100B2}.Release|Any CPU.ActiveCfg = Release|Any CPU
		{2AF3EDE4-A218-4332-A07A-BDE1ABE100B2}.Release|Any CPU.Build.0 = Release|Any CPU
	EndGlobalSection
	GlobalSection(SolutionProperties) = preSolution
		HideSolutionNode = FALSE
	EndGlobalSection
	GlobalSection(ExtensibilityGlobals) = postSolution
		SolutionGuid = {4BAB875C-CB6F-498D-83F3-E9F5928282B8}
	EndGlobalSection
EndGlobal
